// !$*UTF8*$!
{
	archiveVersion = 1;
	classes = {
	};
	objectVersion = 46;
	objects = {

/* Begin PBXBuildFile section */
		36672CCD1BE7FF9E00AAEC99 /* AppDelegate.swift in Sources */ = {isa = PBXBuildFile; fileRef = 36672CCC1BE7FF9E00AAEC99 /* AppDelegate.swift */; };
		36672CCF1BE7FF9E00AAEC99 /* ViewController.swift in Sources */ = {isa = PBXBuildFile; fileRef = 36672CCE1BE7FF9E00AAEC99 /* ViewController.swift */; };
		36672CD21BE7FF9E00AAEC99 /* Main.storyboard in Resources */ = {isa = PBXBuildFile; fileRef = 36672CD01BE7FF9E00AAEC99 /* Main.storyboard */; };
		36672CD51BE7FF9F00AAEC99 /* MyMovies_SWIFT.xcdatamodeld in Sources */ = {isa = PBXBuildFile; fileRef = 36672CD31BE7FF9F00AAEC99 /* MyMovies_SWIFT.xcdatamodeld */; };
		36672CD71BE7FF9F00AAEC99 /* Assets.xcassets in Resources */ = {isa = PBXBuildFile; fileRef = 36672CD61BE7FF9F00AAEC99 /* Assets.xcassets */; };
		36672CDA1BE7FF9F00AAEC99 /* LaunchScreen.storyboard in Resources */ = {isa = PBXBuildFile; fileRef = 36672CD81BE7FF9F00AAEC99 /* LaunchScreen.storyboard */; };
		36672CF61BE800B100AAEC99 /* Trailer1ViewController.swift in Sources */ = {isa = PBXBuildFile; fileRef = 36672CF31BE800B100AAEC99 /* Trailer1ViewController.swift */; };
		36672CF71BE800B100AAEC99 /* Trailer2ViewController.swift in Sources */ = {isa = PBXBuildFile; fileRef = 36672CF41BE800B100AAEC99 /* Trailer2ViewController.swift */; };
		36672CF81BE800B100AAEC99 /* Trailer3ViewController.swift in Sources */ = {isa = PBXBuildFile; fileRef = 36672CF51BE800B100AAEC99 /* Trailer3ViewController.swift */; };
		36672CFC1BE800CC00AAEC99 /* trailer1.png in Resources */ = {isa = PBXBuildFile; fileRef = 36672CF91BE800CC00AAEC99 /* trailer1.png */; };
		36672CFD1BE800CC00AAEC99 /* trailer2.png in Resources */ = {isa = PBXBuildFile; fileRef = 36672CFA1BE800CC00AAEC99 /* trailer2.png */; };
		36672CFE1BE800CC00AAEC99 /* trailer3.png in Resources */ = {isa = PBXBuildFile; fileRef = 36672CFB1BE800CC00AAEC99 /* trailer3.png */; };
		36672D021BE800DF00AAEC99 /* trailer1.mp4 in Resources */ = {isa = PBXBuildFile; fileRef = 36672CFF1BE800DF00AAEC99 /* trailer1.mp4 */; };
		36672D031BE800DF00AAEC99 /* trailer2.mp4 in Resources */ = {isa = PBXBuildFile; fileRef = 36672D001BE800DF00AAEC99 /* trailer2.mp4 */; };
		36672D041BE800DF00AAEC99 /* trailer3.mp4 in Resources */ = {isa = PBXBuildFile; fileRef = 36672D011BE800DF00AAEC99 /* trailer3.mp4 */; };
		36672D061BE8030800AAEC99 /* AVKit.framework in Frameworks */ = {isa = PBXBuildFile; fileRef = 36672D051BE8030800AAEC99 /* AVKit.framework */; };
/* End PBXBuildFile section */

/* Begin PBXFileReference section */
		36672CC91BE7FF9E00AAEC99 /* MyMovies-SWIFT.app */ = {isa = PBXFileReference; explicitFileType = wrapper.application; includeInIndex = 0; path = "MyMovies-SWIFT.app"; sourceTree = BUILT_PRODUCTS_DIR; };
		36672CCC1BE7FF9E00AAEC99 /* AppDelegate.swift */ = {isa = PBXFileReference; lastKnownFileType = sourcecode.swift; path = AppDelegate.swift; sourceTree = "<group>"; };
		36672CCE1BE7FF9E00AAEC99 /* ViewController.swift */ = {isa = PBXFileReference; lastKnownFileType = sourcecode.swift; path = ViewController.swift; sourceTree = "<group>"; };
		36672CD11BE7FF9E00AAEC99 /* Base */ = {isa = PBXFileReference; lastKnownFileType = file.storyboard; name = Base; path = Base.lproj/Main.storyboard; sourceTree = "<group>"; };
		36672CD41BE7FF9F00AAEC99 /* MyMovies_SWIFT.xcdatamodel */ = {isa = PBXFileReference; lastKnownFileType = wrapper.xcdatamodel; path = MyMovies_SWIFT.xcdatamodel; sourceTree = "<group>"; };
		36672CD61BE7FF9F00AAEC99 /* Assets.xcassets */ = {isa = PBXFileReference; lastKnownFileType = folder.assetcatalog; path = Assets.xcassets; sourceTree = "<group>"; };
		36672CD91BE7FF9F00AAEC99 /* Base */ = {isa = PBXFileReference; lastKnownFileType = file.storyboard; name = Base; path = Base.lproj/LaunchScreen.storyboard; sourceTree = "<group>"; };
		36672CDB1BE7FF9F00AAEC99 /* Info.plist */ = {isa = PBXFileReference; lastKnownFileType = text.plist.xml; path = Info.plist; sourceTree = "<group>"; };
		36672CF31BE800B100AAEC99 /* Trailer1ViewController.swift */ = {isa = PBXFileReference; fileEncoding = 4; lastKnownFileType = sourcecode.swift; path = Trailer1ViewController.swift; sourceTree = "<group>"; };
		36672CF41BE800B100AAEC99 /* Trailer2ViewController.swift */ = {isa = PBXFileReference; fileEncoding = 4; lastKnownFileType = sourcecode.swift; path = Trailer2ViewController.swift; sourceTree = "<group>"; };
		36672CF51BE800B100AAEC99 /* Trailer3ViewController.swift */ = {isa = PBXFileReference; fileEncoding = 4; lastKnownFileType = sourcecode.swift; path = Trailer3ViewController.swift; sourceTree = "<group>"; };
		36672CF91BE800CC00AAEC99 /* trailer1.png */ = {isa = PBXFileReference; lastKnownFileType = image.png; path = trailer1.png; sourceTree = "<group>"; };
		36672CFA1BE800CC00AAEC99 /* trailer2.png */ = {isa = PBXFileReference; lastKnownFileType = image.png; path = trailer2.png; sourceTree = "<group>"; };
		36672CFB1BE800CC00AAEC99 /* trailer3.png */ = {isa = PBXFileReference; lastKnownFileType = image.png; path = trailer3.png; sourceTree = "<group>"; };
		36672CFF1BE800DF00AAEC99 /* trailer1.mp4 */ = {isa = PBXFileReference; lastKnownFileType = file; path = trailer1.mp4; sourceTree = "<group>"; };
		36672D001BE800DF00AAEC99 /* trailer2.mp4 */ = {isa = PBXFileReference; lastKnownFileType = file; path = trailer2.mp4; sourceTree = "<group>"; };
		36672D011BE800DF00AAEC99 /* trailer3.mp4 */ = {isa = PBXFileReference; lastKnownFileType = file; path = trailer3.mp4; sourceTree = "<group>"; };
		36672D051BE8030800AAEC99 /* AVKit.framework */ = {isa = PBXFileReference; lastKnownFileType = wrapper.framework; name = AVKit.framework; path = System/Library/Frameworks/AVKit.framework; sourceTree = SDKROOT; };
/* End PBXFileReference section */

/* Begin PBXFrameworksBuildPhase section */
		36672CC61BE7FF9E00AAEC99 /* Frameworks */ = {
			isa = PBXFrameworksBuildPhase;
			buildActionMask = 2147483647;
			files = (
				36672D061BE8030800AAEC99 /* AVKit.framework in Frameworks */,
			);
			runOnlyForDeploymentPostprocessing = 0;
		};
/* End PBXFrameworksBuildPhase section */

/* Begin PBXGroup section */
		36672CC01BE7FF9E00AAEC99 = {
			isa = PBXGroup;
			children = (
				36672D051BE8030800AAEC99 /* AVKit.framework */,
				36672CF21BE8008E00AAEC99 /* Movies */,
				36672CF11BE8008400AAEC99 /* Images */,
				36672CF01BE8007800AAEC99 /* Trailers */,
				36672CCB1BE7FF9E00AAEC99 /* MyMovies-SWIFT */,
				36672CCA1BE7FF9E00AAEC99 /* Products */,
			);
			sourceTree = "<group>";
		};
		36672CCA1BE7FF9E00AAEC99 /* Products */ = {
			isa = PBXGroup;
			children = (
				36672CC91BE7FF9E00AAEC99 /* MyMovies-SWIFT.app */,
			);
			name = Products;
			sourceTree = "<group>";
		};
		36672CCB1BE7FF9E00AAEC99 /* MyMovies-SWIFT */ = {
			isa = PBXGroup;
			children = (
				36672CCC1BE7FF9E00AAEC99 /* AppDelegate.swift */,
				36672CCE1BE7FF9E00AAEC99 /* ViewController.swift */,
				36672CD01BE7FF9E00AAEC99 /* Main.storyboard */,
				36672CD61BE7FF9F00AAEC99 /* Assets.xcassets */,
				36672CD81BE7FF9F00AAEC99 /* LaunchScreen.storyboard */,
				36672CDB1BE7FF9F00AAEC99 /* Info.plist */,
				36672CD31BE7FF9F00AAEC99 /* MyMovies_SWIFT.xcdatamodeld */,
			);
			path = "MyMovies-SWIFT";
			sourceTree = "<group>";
		};
		36672CF01BE8007800AAEC99 /* Trailers */ = {
			isa = PBXGroup;
			children = (
				36672CF31BE800B100AAEC99 /* Trailer1ViewController.swift */,
				36672CF41BE800B100AAEC99 /* Trailer2ViewController.swift */,
				36672CF51BE800B100AAEC99 /* Trailer3ViewController.swift */,
			);
			name = Trailers;
			sourceTree = "<group>";
		};
		36672CF11BE8008400AAEC99 /* Images */ = {
			isa = PBXGroup;
			children = (
				36672CF91BE800CC00AAEC99 /* trailer1.png */,
				36672CFA1BE800CC00AAEC99 /* trailer2.png */,
				36672CFB1BE800CC00AAEC99 /* trailer3.png */,
			);
			name = Images;
			sourceTree = "<group>";
		};
		36672CF21BE8008E00AAEC99 /* Movies */ = {
			isa = PBXGroup;
			children = (
				36672CFF1BE800DF00AAEC99 /* trailer1.mp4 */,
				36672D001BE800DF00AAEC99 /* trailer2.mp4 */,
				36672D011BE800DF00AAEC99 /* trailer3.mp4 */,
			);
			name = Movies;
			sourceTree = "<group>";
		};
/* End PBXGroup section */

/* Begin PBXNativeTarget section */
		36672CC81BE7FF9E00AAEC99 /* MyMovies-SWIFT */ = {
			isa = PBXNativeTarget;
			buildConfigurationList = 36672CDE1BE7FF9F00AAEC99 /* Build configuration list for PBXNativeTarget "MyMovies-SWIFT" */;
			buildPhases = (
				36672CC51BE7FF9E00AAEC99 /* Sources */,
				36672CC61BE7FF9E00AAEC99 /* Frameworks */,
				36672CC71BE7FF9E00AAEC99 /* Resources */,
			);
			buildRules = (
			);
			dependencies = (
			);
			name = "MyMovies-SWIFT";
			productName = "MyMovies-SWIFT";
			productReference = 36672CC91BE7FF9E00AAEC99 /* MyMovies-SWIFT.app */;
			productType = "com.apple.product-type.application";
		};
/* End PBXNativeTarget section */

/* Begin PBXProject section */
		36672CC11BE7FF9E00AAEC99 /* Project object */ = {
			isa = PBXProject;
			attributes = {
				LastSwiftUpdateCheck = 0710;
				LastUpgradeCheck = 0710;
				ORGANIZATIONNAME = "Chuck Konkol";
				TargetAttributes = {
					36672CC81BE7FF9E00AAEC99 = {
						CreatedOnToolsVersion = 7.1;
					};
				};
			};
			buildConfigurationList = 36672CC41BE7FF9E00AAEC99 /* Build configuration list for PBXProject "MyMovies-SWIFT" */;
			compatibilityVersion = "Xcode 3.2";
			developmentRegion = English;
			hasScannedForEncodings = 0;
			knownRegions = (
				en,
				Base,
			);
			mainGroup = 36672CC01BE7FF9E00AAEC99;
			productRefGroup = 36672CCA1BE7FF9E00AAEC99 /* Products */;
			projectDirPath = "";
			projectRoot = "";
			targets = (
				36672CC81BE7FF9E00AAEC99 /* MyMovies-SWIFT */,
			);
		};
/* End PBXProject section */

/* Begin PBXResourcesBuildPhase section */
		36672CC71BE7FF9E00AAEC99 /* Resources */ = {
			isa = PBXResourcesBuildPhase;
			buildActionMask = 2147483647;
			files = (
				36672D031BE800DF00AAEC99 /* trailer2.mp4 in Resources */,
				36672CFD1BE800CC00AAEC99 /* trailer2.png in Resources */,
				36672CDA1BE7FF9F00AAEC99 /* LaunchScreen.storyboard in Resources */,
				36672CD71BE7FF9F00AAEC99 /* Assets.xcassets in Resources */,
				36672CD21BE7FF9E00AAEC99 /* Main.storyboard in Resources */,
				36672D021BE800DF00AAEC99 /* trailer1.mp4 in Resources */,
				36672CFC1BE800CC00AAEC99 /* trailer1.png in Resources */,
				36672D041BE800DF00AAEC99 /* trailer3.mp4 in Resources */,
				36672CFE1BE800CC00AAEC99 /* trailer3.png in Resources */,
			);
			runOnlyForDeploymentPostprocessing = 0;
		};
/* End PBXResourcesBuildPhase section */

/* Begin PBXSourcesBuildPhase section */
		36672CC51BE7FF9E00AAEC99 /* Sources */ = {
			isa = PBXSourcesBuildPhase;
			buildActionMask = 2147483647;
			files = (
				36672CF81BE800B100AAEC99 /* Trailer3ViewController.swift in Sources */,
				36672CD51BE7FF9F00AAEC99 /* MyMovies_SWIFT.xcdatamodeld in Sources */,
				36672CCF1BE7FF9E00AAEC99 /* ViewController.swift in Sources */,
				36672CF61BE800B100AAEC99 /* Trailer1ViewController.swift in Sources */,
				36672CF71BE800B100AAEC99 /* Trailer2ViewController.swift in Sources */,
				36672CCD1BE7FF9E00AAEC99 /* AppDelegate.swift in Sources */,
			);
			runOnlyForDeploymentPostprocessing = 0;
		};
/* End PBXSourcesBuildPhase section */

/* Begin PBXVariantGroup section */
		36672CD01BE7FF9E00AAEC99 /* Main.storyboard */ = {
			isa = PBXVariantGroup;
			children = (
				36672CD11BE7FF9E00AAEC99 /* Base */,
			);
			name = Main.storyboard;
			sourceTree = "<group>";
		};
		36672CD81BE7FF9F00AAEC99 /* LaunchScreen.storyboard */ = {
			isa = PBXVariantGroup;
			children = (
				36672CD91BE7FF9F00AAEC99 /* Base */,
			);
			name = LaunchScreen.storyboard;
			sourceTree = "<group>";
		};
/* End PBXVariantGroup section */

/* Begin XCBuildConfiguration section */
		36672CDC1BE7FF9F00AAEC99 /* Debug */ = {
			isa = XCBuildConfiguration;
			buildSettings = {
				ALWAYS_SEARCH_USER_PATHS = NO;
				CLANG_CXX_LANGUAGE_STANDARD = "gnu++0x";
				CLANG_CXX_LIBRARY = "libc++";
				CLANG_ENABLE_MODULES = YES;
				CLANG_ENABLE_OBJC_ARC = YES;
				CLANG_WARN_BOOL_CONVERSION = YES;
				CLANG_WARN_CONSTANT_CONVERSION = YES;
				CLANG_WARN_DIRECT_OBJC_ISA_USAGE = YES_ERROR;
				CLANG_WARN_EMPTY_BODY = YES;
				CLANG_WARN_ENUM_CONVERSION = YES;
				CLANG_WARN_INT_CONVERSION = YES;
				CLANG_WARN_OBJC_ROOT_CLASS = YES_ERROR;
				CLANG_WARN_UNREACHABLE_CODE = YES;
				CLANG_WARN__DUPLICATE_METHOD_MATCH = YES;
				"CODE_SIGN_IDENTITY[sdk=iphoneos*]" = "iPhone Developer";
				COPY_PHASE_STRIP = NO;
				DEBUG_INFORMATION_FORMAT = dwarf;
				ENABLE_STRICT_OBJC_MSGSEND = YES;
				ENABLE_TESTABILITY = YES;
				GCC_C_LANGUAGE_STANDARD = gnu99;
				GCC_DYNAMIC_NO_PIC = NO;
				GCC_NO_COMMON_BLOCKS = YES;
				GCC_OPTIMIZATION_LEVEL = 0;
				GCC_PREPROCESSOR_DEFINITIONS = (
					"DEBUG=1",
					"$(inherited)",
				);
				GCC_WARN_64_TO_32_BIT_CONVERSION = YES;
				GCC_WARN_ABOUT_RETURN_TYPE = YES_ERROR;
				GCC_WARN_UNDECLARED_SELECTOR = YES;
				GCC_WARN_UNINITIALIZED_AUTOS = YES_AGGRESSIVE;
				GCC_WARN_UNUSED_FUNCTION = YES;
				GCC_WARN_UNUSED_VARIABLE = YES;
				IPHONEOS_DEPLOYMENT_TARGET = 9.1;
				MTL_ENABLE_DEBUG_INFO = YES;
				ONLY_ACTIVE_ARCH = YES;
				SDKROOT = iphoneos;
				SWIFT_OPTIMIZATION_LEVEL = "-Onone";
				TARGETED_DEVICE_FAMILY = "1,2";
			};
			name = Debug;
		};
		36672CDD1BE7FF9F00AAEC99 /* Release */ = {
			isa = XCBuildConfiguration;
			buildSettings = {
				ALWAYS_SEARCH_USER_PATHS = NO;
				CLANG_CXX_LANGUAGE_STANDARD = "gnu++0x";
				CLANG_CXX_LIBRARY = "libc++";
				CLANG_ENABLE_MODULES = YES;
				CLANG_ENABLE_OBJC_ARC = YES;
				CLANG_WARN_BOOL_CONVERSION = YES;
				CLANG_WARN_CONSTANT_CONVERSION = YES;
				CLANG_WARN_DIRECT_OBJC_ISA_USAGE = YES_ERROR;
				CLANG_WARN_EMPTY_BODY = YES;
				CLANG_WARN_ENUM_CONVERSION = YES;
				CLANG_WARN_INT_CONVERSION = YES;
				CLANG_WARN_OBJC_ROOT_CLASS = YES_ERROR;
				CLANG_WARN_UNREACHABLE_CODE = YES;
				CLANG_WARN__DUPLICATE_METHOD_MATCH = YES;
				"CODE_SIGN_IDENTITY[sdk=iphoneos*]" = "iPhone Developer";
				COPY_PHASE_STRIP = NO;
				DEBUG_INFORMATION_FORMAT = "dwarf-with-dsym";
				ENABLE_NS_ASSERTIONS = NO;
				ENABLE_STRICT_OBJC_MSGSEND = YES;
				GCC_C_LANGUAGE_STANDARD = gnu99;
				GCC_NO_COMMON_BLOCKS = YES;
				GCC_WARN_64_TO_32_BIT_CONVERSION = YES;
				GCC_WARN_ABOUT_RETURN_TYPE = YES_ERROR;
				GCC_WARN_UNDECLARED_SELECTOR = YES;
				GCC_WARN_UNINITIALIZED_AUTOS = YES_AGGRESSIVE;
				GCC_WARN_UNUSED_FUNCTION = YES;
				GCC_WARN_UNUSED_VARIABLE = YES;
				IPHONEOS_DEPLOYMENT_TARGET = 9.1;
				MTL_ENABLE_DEBUG_INFO = NO;
				SDKROOT = iphoneos;
				TARGETED_DEVICE_FAMILY = "1,2";
				VALIDATE_PRODUCT = YES;
			};
			name = Release;
		};
		36672CDF1BE7FF9F00AAEC99 /* Debug */ = {
			isa = XCBuildConfiguration;
			buildSettings = {
				ASSETCATALOG_COMPILER_APPICON_NAME = AppIcon;
				INFOPLIST_FILE = "MyMovies-SWIFT/Info.plist";
				IPHONEOS_DEPLOYMENT_TARGET = 9.0;
				LD_RUNPATH_SEARCH_PATHS = "$(inherited) @executable_path/Frameworks";
				PRODUCT_BUNDLE_IDENTIFIER = "edu.rockvalleycollege.edu.MyMovies-SWIFT";
				PRODUCT_NAME = "$(TARGET_NAME)";
			};
			name = Debug;
		};
		36672CE01BE7FF9F00AAEC99 /* Release */ = {
			isa = XCBuildConfiguration;
			buildSettings = {
				ASSETCATALOG_COMPILER_APPICON_NAME = AppIcon;
				INFOPLIST_FILE = "MyMovies-SWIFT/Info.plist";
				IPHONEOS_DEPLOYMENT_TARGET = 9.0;
				LD_RUNPATH_SEARCH_PATHS = "$(inherited) @executable_path/Frameworks";
				PRODUCT_BUNDLE_IDENTIFIER = "edu.rockvalleycollege.edu.MyMovies-SWIFT";
				PRODUCT_NAME = "$(TARGET_NAME)";
			};
			name = Release;
		};
/* End XCBuildConfiguration section */

/* Begin XCConfigurationList section */
		36672CC41BE7FF9E00AAEC99 /* Build configuration list for PBXProject "MyMovies-SWIFT" */ = {
			isa = XCConfigurationList;
			buildConfigurations = (
				36672CDC1BE7FF9F00AAEC99 /* Debug */,
				36672CDD1BE7FF9F00AAEC99 /* Release */,
			);
			defaultConfigurationIsVisible = 0;
			defaultConfigurationName = Release;
		};
		36672CDE1BE7FF9F00AAEC99 /* Build configuration list for PBXNativeTarget "MyMovies-SWIFT" */ = {
			isa = XCConfigurationList;
			buildConfigurations = (
				36672CDF1BE7FF9F00AAEC99 /* Debug */,
				36672CE01BE7FF9F00AAEC99 /* Release */,
			);
			defaultConfigurationIsVisible = 0;
			defaultConfigurationName = Release;
		};
/* End XCConfigurationList section */

/* Begin XCVersionGroup section */
		36672CD31BE7FF9F00AAEC99 /* MyMovies_SWIFT.xcdatamodeld */ = {
			isa = XCVersionGroup;
			children = (
				36672CD41BE7FF9F00AAEC99 /* MyMovies_SWIFT.xcdatamodel */,
			);
			currentVersion = 36672CD41BE7FF9F00AAEC99 /* MyMovies_SWIFT.xcdatamodel */;
			path = MyMovies_SWIFT.xcdatamodeld;
			sourceTree = "<group>";
			versionGroupType = wrapper.xcdatamodel;
		};
/* End XCVersionGroup section */
	};
	rootObject = 36672CC11BE7FF9E00AAEC99 /* Project object */;
}
